
Microsoft Visual Studio Solution File, Format Version 12.00
# Visual Studio Version 17
VisualStudioVersion = 17.5.33516.290
MinimumVisualStudioVersion = 10.0.40219.1
Project("{FAE04EC0-301F-11D3-BF4B-00C04F79EFBC}") = "practice5_2", "practice5_2\practice5_2.csproj", "{8ABB2525-865D-4EA0-A5DC-5D36862B8C94}"
EndProject
Global
	GlobalSection(SolutionConfigurationPlatforms) = preSolution
		Debug|Any CPU = Debug|Any CPU
		Release|Any CPU = Release|Any CPU
	EndGlobalSection
	GlobalSection(ProjectConfigurationPlatforms) = postSolution
		{8ABB2525-865D-4EA0-A5DC-5D36862B8C94}.Debug|Any CPU.ActiveCfg = Debug|Any CPU
		{8ABB2525-865D-4EA0-A5DC-5D36862B8C94}.Debug|Any CPU.Build.0 = Debug|Any CPU
		{8ABB2525-865D-4EA0-A5DC-5D36862B8C94}.Release|Any CPU.ActiveCfg = Release|Any CPU
		{8ABB2525-865D-4EA0-A5DC-5D36862B8C94}.Release|Any CPU.Build.0 = Release|Any CPU
	EndGlobalSection
	GlobalSection(SolutionProperties) = preSolution
		HideSolutionNode = FALSE
	EndGlobalSection
	GlobalSection(ExtensibilityGlobals) = postSolution
		SolutionGuid = {778DD820-3DCC-49F6-897A-E3FDBE2749CA}
	EndGlobalSection
EndGlobal
